
Microsoft Visual Studio Solution File, Format Version 12.00
# Visual Studio Version 16
VisualStudioVersion = 16.0.30907.101
MinimumVisualStudioVersion = 10.0.40219.1
Project("{9A19103F-16F7-4668-BE54-9A1E7A4F7556}") = "Porabay", "Porabay.csproj", "{D6AA2523-25CF-47DA-952F-ADE3B58D237A}"
EndProject
Project("{FAE04EC0-301F-11D3-BF4B-00C04F79EFBC}") = "PorabayData", "..\PorabayData\PorabayData.csproj", "{D89126C1-4024-4BC0-BD74-69F16817C466}"
EndProject
Global
	GlobalSection(SolutionConfigurationPlatforms) = preSolution
		Debug|Any CPU = Debug|Any CPU
		Release|Any CPU = Release|Any CPU
	EndGlobalSection
	GlobalSection(ProjectConfigurationPlatforms) = postSolution
		{D6AA2523-25CF-47DA-952F-ADE3B58D237A}.Debug|Any CPU.ActiveCfg = Debug|Any CPU
		{D6AA2523-25CF-47DA-952F-ADE3B58D237A}.Debug|Any CPU.Build.0 = Debug|Any CPU
		{D6AA2523-25CF-47DA-952F-ADE3B58D237A}.Release|Any CPU.ActiveCfg = Release|Any CPU
		{D6AA2523-25CF-47DA-952F-ADE3B58D237A}.Release|Any CPU.Build.0 = Release|Any CPU
		{D89126C1-4024-4BC0-BD74-69F16817C466}.Debug|Any CPU.ActiveCfg = Debug|Any CPU
		{D89126C1-4024-4BC0-BD74-69F16817C466}.Debug|Any CPU.Build.0 = Debug|Any CPU
		{D89126C1-4024-4BC0-BD74-69F16817C466}.Release|Any CPU.ActiveCfg = Release|Any CPU
		{D89126C1-4024-4BC0-BD74-69F16817C466}.Release|Any CPU.Build.0 = Release|Any CPU
	EndGlobalSection
	GlobalSection(SolutionProperties) = preSolution
		HideSolutionNode = FALSE
	EndGlobalSection
	GlobalSection(ExtensibilityGlobals) = postSolution
		SolutionGuid = {1053FD7A-3665-483E-A74C-D34305D458AC}
	EndGlobalSection
EndGlobal
